
Microsoft Visual Studio Solution File, Format Version 12.00
# Visual Studio Version 17
VisualStudioVersion = 17.4.33103.184
MinimumVisualStudioVersion = 10.0.40219.1
Project("{FAE04EC0-301F-11D3-BF4B-00C04F79EFBC}") = "Otzzei.MetchJob.Application", "Otzzei.MetchJob.Application\Otzzei.MetchJob.Application.csproj", "{29B76C2A-D6A2-4EF8-AFBC-E7EDE8526697}"
EndProject
Project("{FAE04EC0-301F-11D3-BF4B-00C04F79EFBC}") = "Otzzei.MetchJob.Domain", "Otzzei.MetchJob.Domain\Otzzei.MetchJob.Domain.csproj", "{2EC53E8C-5D5F-4A96-9579-29E1B1922821}"
EndProject
Project("{FAE04EC0-301F-11D3-BF4B-00C04F79EFBC}") = "Otzzei.MetchJob.Infrastructure", "Otzzei.MetchJob.Infrastructure\Otzzei.MetchJob.Infrastructure.csproj", "{0C008425-6B15-4753-97E7-3512B5C0F5F9}"
EndProject
Global
	GlobalSection(SolutionConfigurationPlatforms) = preSolution
		Debug|Any CPU = Debug|Any CPU
		Release|Any CPU = Release|Any CPU
	EndGlobalSection
	GlobalSection(ProjectConfigurationPlatforms) = postSolution
		{29B76C2A-D6A2-4EF8-AFBC-E7EDE8526697}.Debug|Any CPU.ActiveCfg = Debug|Any CPU
		{29B76C2A-D6A2-4EF8-AFBC-E7EDE8526697}.Debug|Any CPU.Build.0 = Debug|Any CPU
		{29B76C2A-D6A2-4EF8-AFBC-E7EDE8526697}.Release|Any CPU.ActiveCfg = Release|Any CPU
		{29B76C2A-D6A2-4EF8-AFBC-E7EDE8526697}.Release|Any CPU.Build.0 = Release|Any CPU
		{2EC53E8C-5D5F-4A96-9579-29E1B1922821}.Debug|Any CPU.ActiveCfg = Debug|Any CPU
		{2EC53E8C-5D5F-4A96-9579-29E1B1922821}.Debug|Any CPU.Build.0 = Debug|Any CPU
		{2EC53E8C-5D5F-4A96-9579-29E1B1922821}.Release|Any CPU.ActiveCfg = Release|Any CPU
		{2EC53E8C-5D5F-4A96-9579-29E1B1922821}.Release|Any CPU.Build.0 = Release|Any CPU
		{0C008425-6B15-4753-97E7-3512B5C0F5F9}.Debug|Any CPU.ActiveCfg = Debug|Any CPU
		{0C008425-6B15-4753-97E7-3512B5C0F5F9}.Debug|Any CPU.Build.0 = Debug|Any CPU
		{0C008425-6B15-4753-97E7-3512B5C0F5F9}.Release|Any CPU.ActiveCfg = Release|Any CPU
		{0C008425-6B15-4753-97E7-3512B5C0F5F9}.Release|Any CPU.Build.0 = Release|Any CPU
	EndGlobalSection
	GlobalSection(SolutionProperties) = preSolution
		HideSolutionNode = FALSE
	EndGlobalSection
	GlobalSection(ExtensibilityGlobals) = postSolution
		SolutionGuid = {5E25CE98-EDEA-484D-ABC9-1D7DDD09D18F}
	EndGlobalSection
EndGlobal
